
Microsoft Visual Studio Solution File, Format Version 12.00
# Visual Studio 2012
Project("{FAE04EC0-301F-11D3-BF4B-00C04F79EFBC}") = "SignApplication", "SignApplication\SignApplication.csproj", "{18F78046-F364-4C56-9F21-6E5F1597287F}"
EndProject
Project("{FAE04EC0-301F-11D3-BF4B-00C04F79EFBC}") = "SignApplication.Tests", "SignApplication.Tests\SignApplication.Tests.csproj", "{F02312EA-CD5A-4250-8779-6D53B2A7A957}"
EndProject
Project("{FAE04EC0-301F-11D3-BF4B-00C04F79EFBC}") = "SignApplication.Model", "SignApplication.Model\SignApplication.Model.csproj", "{16C6E33F-3C70-42CC-92CA-E83C403E7108}"
EndProject
Global
	GlobalSection(SolutionConfigurationPlatforms) = preSolution
		Debug|Any CPU = Debug|Any CPU
		Release|Any CPU = Release|Any CPU
	EndGlobalSection
	GlobalSection(ProjectConfigurationPlatforms) = postSolution
		{18F78046-F364-4C56-9F21-6E5F1597287F}.Debug|Any CPU.ActiveCfg = Debug|Any CPU
		{18F78046-F364-4C56-9F21-6E5F1597287F}.Debug|Any CPU.Build.0 = Debug|Any CPU
		{18F78046-F364-4C56-9F21-6E5F1597287F}.Release|Any CPU.ActiveCfg = Release|Any CPU
		{18F78046-F364-4C56-9F21-6E5F1597287F}.Release|Any CPU.Build.0 = Release|Any CPU
		{F02312EA-CD5A-4250-8779-6D53B2A7A957}.Debug|Any CPU.ActiveCfg = Debug|Any CPU
		{F02312EA-CD5A-4250-8779-6D53B2A7A957}.Debug|Any CPU.Build.0 = Debug|Any CPU
		{F02312EA-CD5A-4250-8779-6D53B2A7A957}.Release|Any CPU.ActiveCfg = Release|Any CPU
		{F02312EA-CD5A-4250-8779-6D53B2A7A957}.Release|Any CPU.Build.0 = Release|Any CPU
		{16C6E33F-3C70-42CC-92CA-E83C403E7108}.Debug|Any CPU.ActiveCfg = Debug|Any CPU
		{16C6E33F-3C70-42CC-92CA-E83C403E7108}.Debug|Any CPU.Build.0 = Debug|Any CPU
		{16C6E33F-3C70-42CC-92CA-E83C403E7108}.Release|Any CPU.ActiveCfg = Release|Any CPU
		{16C6E33F-3C70-42CC-92CA-E83C403E7108}.Release|Any CPU.Build.0 = Release|Any CPU
	EndGlobalSection
	GlobalSection(SolutionProperties) = preSolution
		HideSolutionNode = FALSE
	EndGlobalSection
EndGlobal
